
Microsoft Visual Studio Solution File, Format Version 12.00
# Visual Studio Version 17
VisualStudioVersion = 17.7.34031.279
MinimumVisualStudioVersion = 10.0.40219.1
Project("{9A19103F-16F7-4668-BE54-9A1E7A4F7556}") = "RGE.Engine", "RGE.App\RGE.Engine.csproj", "{3C5A2E2C-95E7-40AF-923F-CE4373AF2845}"
EndProject
Project("{9A19103F-16F7-4668-BE54-9A1E7A4F7556}") = "RGE.Lib", "RGE.Lib\RGE.Lib.csproj", "{665665FF-C9E5-4FC7-9268-F8E3198FD6B5}"
EndProject
Project("{9A19103F-16F7-4668-BE54-9A1E7A4F7556}") = "JackSazerak.lib", "JackSazerak.lib\JackSazerak.lib.csproj", "{6DB6E808-B59C-4344-933D-D65493691703}"
EndProject
Project("{FAE04EC0-301F-11D3-BF4B-00C04F79EFBC}") = "RGE.Renderer.OpenGL", "RGE.Renderer.OpenGL\RGE.Renderer.OpenGL.csproj", "{0DD96657-9B69-4E65-849D-21BBFFE92B10}"
EndProject
Global
	GlobalSection(SolutionConfigurationPlatforms) = preSolution
		Debug|Any CPU = Debug|Any CPU
		Release|Any CPU = Release|Any CPU
	EndGlobalSection
	GlobalSection(ProjectConfigurationPlatforms) = postSolution
		{3C5A2E2C-95E7-40AF-923F-CE4373AF2845}.Debug|Any CPU.ActiveCfg = Debug|Any CPU
		{3C5A2E2C-95E7-40AF-923F-CE4373AF2845}.Debug|Any CPU.Build.0 = Debug|Any CPU
		{3C5A2E2C-95E7-40AF-923F-CE4373AF2845}.Release|Any CPU.ActiveCfg = Release|Any CPU
		{3C5A2E2C-95E7-40AF-923F-CE4373AF2845}.Release|Any CPU.Build.0 = Release|Any CPU
		{665665FF-C9E5-4FC7-9268-F8E3198FD6B5}.Debug|Any CPU.ActiveCfg = Debug|Any CPU
		{665665FF-C9E5-4FC7-9268-F8E3198FD6B5}.Debug|Any CPU.Build.0 = Debug|Any CPU
		{665665FF-C9E5-4FC7-9268-F8E3198FD6B5}.Release|Any CPU.ActiveCfg = Release|Any CPU
		{665665FF-C9E5-4FC7-9268-F8E3198FD6B5}.Release|Any CPU.Build.0 = Release|Any CPU
		{6DB6E808-B59C-4344-933D-D65493691703}.Debug|Any CPU.ActiveCfg = Debug|Any CPU
		{6DB6E808-B59C-4344-933D-D65493691703}.Debug|Any CPU.Build.0 = Debug|Any CPU
		{6DB6E808-B59C-4344-933D-D65493691703}.Release|Any CPU.ActiveCfg = Release|Any CPU
		{6DB6E808-B59C-4344-933D-D65493691703}.Release|Any CPU.Build.0 = Release|Any CPU
		{0DD96657-9B69-4E65-849D-21BBFFE92B10}.Debug|Any CPU.ActiveCfg = Debug|Any CPU
		{0DD96657-9B69-4E65-849D-21BBFFE92B10}.Debug|Any CPU.Build.0 = Debug|Any CPU
		{0DD96657-9B69-4E65-849D-21BBFFE92B10}.Release|Any CPU.ActiveCfg = Release|Any CPU
		{0DD96657-9B69-4E65-849D-21BBFFE92B10}.Release|Any CPU.Build.0 = Release|Any CPU
	EndGlobalSection
	GlobalSection(SolutionProperties) = preSolution
		HideSolutionNode = FALSE
	EndGlobalSection
	GlobalSection(ExtensibilityGlobals) = postSolution
		SolutionGuid = {4929978F-571D-46F2-A740-EEB3A7521C74}
	EndGlobalSection
EndGlobal
